{
  "name": "demo-dxf",
  "version": "1.0.0",
  "lockfileVersion": 3,
  "requires": true,
  "packages": {
    "": {
      "name": "demo-dxf",
      "version": "1.0.0",
      "license": "ISC",
      "devDependencies": {
        "dxf": "^5.0.0"
      }
    },
    "node_modules/commander": {
      "version": "2.20.3",
      "resolved": "https://registry.npmjs.org/commander/-/commander-2.20.3.tgz",
      "integrity": "sha512-GpVkmM8vF2vQUkj2LvZmD35JxeJOLCwJ9cUkugyk2nuhbv3+mJvpLYYt+0+USMxE+oj+ey/lJEnhZw75x/OMcQ==",
      "dev": true
    },
    "node_modules/dxf": {
      "version": "5.0.0",
      "resolved": "https://registry.npmjs.org/dxf/-/dxf-5.0.0.tgz",
      "integrity": "sha512-1hQ8+3SlsKKGsGfiwwJxSTb3X2Oe23Qkcq5LThB3Cy6/xxKELdthxgKfQHZhFQ/C8GG07P2EqcZPg11Z/jj13w==",
      "dev": true,
      "dependencies": {
        "commander": "^2.20.3",
        "lodash": "^4.17.15",
        "vecks": "^3.9.0"
      },
      "bin": {
        "dxf-to-svg": "lib/cli.js"
      },
      "engines": {
        "node": ">=8.9.0"
      }
    },
    "node_modules/lodash": {
      "version": "4.17.21",
      "resolved": "https://registry.npmjs.org/lodash/-/lodash-4.17.21.tgz",
      "integrity": "sha512-v2kDEe57lecTulaDIuNTPy3Ry4gLGJ6Z1O3vE1krgXZNrsQ+LFTGHVxVjcXPs17LhbZVGedAJv8XZ1tvj5FvSg==",
      "dev": true
    },
    "node_modules/vecks": {
      "version": "3.9.2",
      "resolved": "https://registry.npmjs.org/vecks/-/vecks-3.9.2.tgz",
      "integrity": "sha512-ubOo1KoOrPu3llYmlE4SH60JWcR+YDaObP+1Kzpbcl09dKIf0fbBweW8Xyg+6Nk2Rrnyit6Jxw9bx2LOYpMQMA==",
      "dev": true
    }
  }
}
